// !$*UTF8*$!
{
	archiveVersion = 1;
	classes = {
	};
	objectVersion = 50;
	objects = {

/* Begin PBXBuildFile section */
		165DB76023131FCA00537E5B /* AppDelegate.swift in Sources */ = {isa = PBXBuildFile; fileRef = 165DB75F23131FCA00537E5B /* AppDelegate.swift */; };
		165DB76223131FCA00537E5B /* ViewController.swift in Sources */ = {isa = PBXBuildFile; fileRef = 165DB76123131FCA00537E5B /* ViewController.swift */; };
		165DB76523131FCA00537E5B /* Main.storyboard in Resources */ = {isa = PBXBuildFile; fileRef = 165DB76323131FCA00537E5B /* Main.storyboard */; };
		165DB76723131FD300537E5B /* Assets.xcassets in Resources */ = {isa = PBXBuildFile; fileRef = 165DB76623131FD300537E5B /* Assets.xcassets */; };
		165DB76A23131FD300537E5B /* LaunchScreen.storyboard in Resources */ = {isa = PBXBuildFile; fileRef = 165DB76823131FD300537E5B /* LaunchScreen.storyboard */; };
		165DB77523131FD400537E5B /* ptimerTests.swift in Sources */ = {isa = PBXBuildFile; fileRef = 165DB77423131FD400537E5B /* ptimerTests.swift */; };
		165DB78023131FD400537E5B /* ptimerUITests.swift in Sources */ = {isa = PBXBuildFile; fileRef = 165DB77F23131FD400537E5B /* ptimerUITests.swift */; };
		165DB78523131FD400537E5B /* ptimer WatchKit App.app in Embed Watch Content */ = {isa = PBXBuildFile; fileRef = 165DB78423131FD400537E5B /* ptimer WatchKit App.app */; };
		165DB78B23131FD400537E5B /* Interface.storyboard in Resources */ = {isa = PBXBuildFile; fileRef = 165DB78923131FD400537E5B /* Interface.storyboard */; };
		165DB78D23131FD400537E5B /* Assets.xcassets in Resources */ = {isa = PBXBuildFile; fileRef = 165DB78C23131FD400537E5B /* Assets.xcassets */; };
		165DB79423131FD400537E5B /* ptimer WatchKit Extension.appex in Embed App Extensions */ = {isa = PBXBuildFile; fileRef = 165DB79323131FD400537E5B /* ptimer WatchKit Extension.appex */; settings = {ATTRIBUTES = (RemoveHeadersOnCopy, ); }; };
		165DB79923131FD400537E5B /* InterfaceController.swift in Sources */ = {isa = PBXBuildFile; fileRef = 165DB79823131FD400537E5B /* InterfaceController.swift */; };
		165DB79B23131FD400537E5B /* ExtensionDelegate.swift in Sources */ = {isa = PBXBuildFile; fileRef = 165DB79A23131FD400537E5B /* ExtensionDelegate.swift */; };
		165DB79D23131FD400537E5B /* NotificationController.swift in Sources */ = {isa = PBXBuildFile; fileRef = 165DB79C23131FD400537E5B /* NotificationController.swift */; };
		165DB79F23131FD500537E5B /* Assets.xcassets in Resources */ = {isa = PBXBuildFile; fileRef = 165DB79E23131FD500537E5B /* Assets.xcassets */; };
/* End PBXBuildFile section */

/* Begin PBXContainerItemProxy section */
		165DB77123131FD400537E5B /* PBXContainerItemProxy */ = {
			isa = PBXContainerItemProxy;
			containerPortal = 165DB75423131FCA00537E5B /* Project object */;
			proxyType = 1;
			remoteGlobalIDString = 165DB75B23131FCA00537E5B;
			remoteInfo = ptimer;
		};
		165DB77C23131FD400537E5B /* PBXContainerItemProxy */ = {
			isa = PBXContainerItemProxy;
			containerPortal = 165DB75423131FCA00537E5B /* Project object */;
			proxyType = 1;
			remoteGlobalIDString = 165DB75B23131FCA00537E5B;
			remoteInfo = ptimer;
		};
		165DB78623131FD400537E5B /* PBXContainerItemProxy */ = {
			isa = PBXContainerItemProxy;
			containerPortal = 165DB75423131FCA00537E5B /* Project object */;
			proxyType = 1;
			remoteGlobalIDString = 165DB78323131FD400537E5B;
			remoteInfo = "ptimer WatchKit App";
		};
		165DB79523131FD400537E5B /* PBXContainerItemProxy */ = {
			isa = PBXContainerItemProxy;
			containerPortal = 165DB75423131FCA00537E5B /* Project object */;
			proxyType = 1;
			remoteGlobalIDString = 165DB79223131FD400537E5B;
			remoteInfo = "ptimer WatchKit Extension";
		};
/* End PBXContainerItemProxy section */

/* Begin PBXCopyFilesBuildPhase section */
		165DB7A723131FD500537E5B /* Embed App Extensions */ = {
			isa = PBXCopyFilesBuildPhase;
			buildActionMask = 2147483647;
			dstPath = "";
			dstSubfolderSpec = 13;
			files = (
				165DB79423131FD400537E5B /* ptimer WatchKit Extension.appex in Embed App Extensions */,
			);
			name = "Embed App Extensions";
			runOnlyForDeploymentPostprocessing = 0;
		};
		165DB7AB23131FD500537E5B /* Embed Watch Content */ = {
			isa = PBXCopyFilesBuildPhase;
			buildActionMask = 2147483647;
			dstPath = "$(CONTENTS_FOLDER_PATH)/Watch";
			dstSubfolderSpec = 16;
			files = (
				165DB78523131FD400537E5B /* ptimer WatchKit App.app in Embed Watch Content */,
			);
			name = "Embed Watch Content";
			runOnlyForDeploymentPostprocessing = 0;
		};
/* End PBXCopyFilesBuildPhase section */

/* Begin PBXFileReference section */
		165DB75C23131FCA00537E5B /* ptimer.app */ = {isa = PBXFileReference; explicitFileType = wrapper.application; includeInIndex = 0; path = ptimer.app; sourceTree = BUILT_PRODUCTS_DIR; };
		165DB75F23131FCA00537E5B /* AppDelegate.swift */ = {isa = PBXFileReference; lastKnownFileType = sourcecode.swift; path = AppDelegate.swift; sourceTree = "<group>"; };
		165DB76123131FCA00537E5B /* ViewController.swift */ = {isa = PBXFileReference; lastKnownFileType = sourcecode.swift; path = ViewController.swift; sourceTree = "<group>"; };
		165DB76423131FCA00537E5B /* Base */ = {isa = PBXFileReference; lastKnownFileType = file.storyboard; name = Base; path = Base.lproj/Main.storyboard; sourceTree = "<group>"; };
		165DB76623131FD300537E5B /* Assets.xcassets */ = {isa = PBXFileReference; lastKnownFileType = folder.assetcatalog; path = Assets.xcassets; sourceTree = "<group>"; };
		165DB76923131FD300537E5B /* Base */ = {isa = PBXFileReference; lastKnownFileType = file.storyboard; name = Base; path = Base.lproj/LaunchScreen.storyboard; sourceTree = "<group>"; };
		165DB76B23131FD300537E5B /* Info.plist */ = {isa = PBXFileReference; lastKnownFileType = text.plist.xml; path = Info.plist; sourceTree = "<group>"; };
		165DB77023131FD400537E5B /* ptimerTests.xctest */ = {isa = PBXFileReference; explicitFileType = wrapper.cfbundle; includeInIndex = 0; path = ptimerTests.xctest; sourceTree = BUILT_PRODUCTS_DIR; };
		165DB77423131FD400537E5B /* ptimerTests.swift */ = {isa = PBXFileReference; lastKnownFileType = sourcecode.swift; path = ptimerTests.swift; sourceTree = "<group>"; };
		165DB77623131FD400537E5B /* Info.plist */ = {isa = PBXFileReference; lastKnownFileType = text.plist.xml; path = Info.plist; sourceTree = "<group>"; };
		165DB77B23131FD400537E5B /* ptimerUITests.xctest */ = {isa = PBXFileReference; explicitFileType = wrapper.cfbundle; includeInIndex = 0; path = ptimerUITests.xctest; sourceTree = BUILT_PRODUCTS_DIR; };
		165DB77F23131FD400537E5B /* ptimerUITests.swift */ = {isa = PBXFileReference; lastKnownFileType = sourcecode.swift; path = ptimerUITests.swift; sourceTree = "<group>"; };
		165DB78123131FD400537E5B /* Info.plist */ = {isa = PBXFileReference; lastKnownFileType = text.plist.xml; path = Info.plist; sourceTree = "<group>"; };
		165DB78423131FD400537E5B /* ptimer WatchKit App.app */ = {isa = PBXFileReference; explicitFileType = wrapper.application; includeInIndex = 0; path = "ptimer WatchKit App.app"; sourceTree = BUILT_PRODUCTS_DIR; };
		165DB78A23131FD400537E5B /* Base */ = {isa = PBXFileReference; lastKnownFileType = file.storyboard; name = Base; path = Base.lproj/Interface.storyboard; sourceTree = "<group>"; };
		165DB78C23131FD400537E5B /* Assets.xcassets */ = {isa = PBXFileReference; lastKnownFileType = folder.assetcatalog; path = Assets.xcassets; sourceTree = "<group>"; };
		165DB78E23131FD400537E5B /* Info.plist */ = {isa = PBXFileReference; lastKnownFileType = text.plist.xml; path = Info.plist; sourceTree = "<group>"; };
		165DB79323131FD400537E5B /* ptimer WatchKit Extension.appex */ = {isa = PBXFileReference; explicitFileType = "wrapper.app-extension"; includeInIndex = 0; path = "ptimer WatchKit Extension.appex"; sourceTree = BUILT_PRODUCTS_DIR; };
		165DB79823131FD400537E5B /* InterfaceController.swift */ = {isa = PBXFileReference; lastKnownFileType = sourcecode.swift; path = InterfaceController.swift; sourceTree = "<group>"; };
		165DB79A23131FD400537E5B /* ExtensionDelegate.swift */ = {isa = PBXFileReference; lastKnownFileType = sourcecode.swift; path = ExtensionDelegate.swift; sourceTree = "<group>"; };
		165DB79C23131FD400537E5B /* NotificationController.swift */ = {isa = PBXFileReference; lastKnownFileType = sourcecode.swift; path = NotificationController.swift; sourceTree = "<group>"; };
		165DB79E23131FD500537E5B /* Assets.xcassets */ = {isa = PBXFileReference; lastKnownFileType = folder.assetcatalog; path = Assets.xcassets; sourceTree = "<group>"; };
		165DB7A023131FD500537E5B /* Info.plist */ = {isa = PBXFileReference; lastKnownFileType = text.plist.xml; path = Info.plist; sourceTree = "<group>"; };
		165DB7A123131FD500537E5B /* PushNotificationPayload.apns */ = {isa = PBXFileReference; lastKnownFileType = text; path = PushNotificationPayload.apns; sourceTree = "<group>"; };
/* End PBXFileReference section */

/* Begin PBXFrameworksBuildPhase section */
		165DB75923131FCA00537E5B /* Frameworks */ = {
			isa = PBXFrameworksBuildPhase;
			buildActionMask = 2147483647;
			files = (
			);
			runOnlyForDeploymentPostprocessing = 0;
		};
		165DB76D23131FD400537E5B /* Frameworks */ = {
			isa = PBXFrameworksBuildPhase;
			buildActionMask = 2147483647;
			files = (
			);
			runOnlyForDeploymentPostprocessing = 0;
		};
		165DB77823131FD400537E5B /* Frameworks */ = {
			isa = PBXFrameworksBuildPhase;
			buildActionMask = 2147483647;
			files = (
			);
			runOnlyForDeploymentPostprocessing = 0;
		};
		165DB79023131FD400537E5B /* Frameworks */ = {
			isa = PBXFrameworksBuildPhase;
			buildActionMask = 2147483647;
			files = (
			);
			runOnlyForDeploymentPostprocessing = 0;
		};
/* End PBXFrameworksBuildPhase section */

/* Begin PBXGroup section */
		165DB75323131FCA00537E5B = {
			isa = PBXGroup;
			children = (
				165DB75E23131FCA00537E5B /* ptimer */,
				165DB77323131FD400537E5B /* ptimerTests */,
				165DB77E23131FD400537E5B /* ptimerUITests */,
				165DB78823131FD400537E5B /* ptimer WatchKit App */,
				165DB79723131FD400537E5B /* ptimer WatchKit Extension */,
				165DB75D23131FCA00537E5B /* Products */,
			);
			sourceTree = "<group>";
		};
		165DB75D23131FCA00537E5B /* Products */ = {
			isa = PBXGroup;
			children = (
				165DB75C23131FCA00537E5B /* ptimer.app */,
				165DB77023131FD400537E5B /* ptimerTests.xctest */,
				165DB77B23131FD400537E5B /* ptimerUITests.xctest */,
				165DB78423131FD400537E5B /* ptimer WatchKit App.app */,
				165DB79323131FD400537E5B /* ptimer WatchKit Extension.appex */,
			);
			name = Products;
			sourceTree = "<group>";
		};
		165DB75E23131FCA00537E5B /* ptimer */ = {
			isa = PBXGroup;
			children = (
				165DB75F23131FCA00537E5B /* AppDelegate.swift */,
				165DB76123131FCA00537E5B /* ViewController.swift */,
				165DB76323131FCA00537E5B /* Main.storyboard */,
				165DB76623131FD300537E5B /* Assets.xcassets */,
				165DB76823131FD300537E5B /* LaunchScreen.storyboard */,
				165DB76B23131FD300537E5B /* Info.plist */,
			);
			path = ptimer;
			sourceTree = "<group>";
		};
		165DB77323131FD400537E5B /* ptimerTests */ = {
			isa = PBXGroup;
			children = (
				165DB77423131FD400537E5B /* ptimerTests.swift */,
				165DB77623131FD400537E5B /* Info.plist */,
			);
			path = ptimerTests;
			sourceTree = "<group>";
		};
		165DB77E23131FD400537E5B /* ptimerUITests */ = {
			isa = PBXGroup;
			children = (
				165DB77F23131FD400537E5B /* ptimerUITests.swift */,
				165DB78123131FD400537E5B /* Info.plist */,
			);
			path = ptimerUITests;
			sourceTree = "<group>";
		};
		165DB78823131FD400537E5B /* ptimer WatchKit App */ = {
			isa = PBXGroup;
			children = (
				165DB78923131FD400537E5B /* Interface.storyboard */,
				165DB78C23131FD400537E5B /* Assets.xcassets */,
				165DB78E23131FD400537E5B /* Info.plist */,
			);
			path = "ptimer WatchKit App";
			sourceTree = "<group>";
		};
		165DB79723131FD400537E5B /* ptimer WatchKit Extension */ = {
			isa = PBXGroup;
			children = (
				165DB79823131FD400537E5B /* InterfaceController.swift */,
				165DB79A23131FD400537E5B /* ExtensionDelegate.swift */,
				165DB79C23131FD400537E5B /* NotificationController.swift */,
				165DB79E23131FD500537E5B /* Assets.xcassets */,
				165DB7A023131FD500537E5B /* Info.plist */,
				165DB7A123131FD500537E5B /* PushNotificationPayload.apns */,
			);
			path = "ptimer WatchKit Extension";
			sourceTree = "<group>";
		};
/* End PBXGroup section */

/* Begin PBXNativeTarget section */
		165DB75B23131FCA00537E5B /* ptimer */ = {
			isa = PBXNativeTarget;
			buildConfigurationList = 165DB7AC23131FD500537E5B /* Build configuration list for PBXNativeTarget "ptimer" */;
			buildPhases = (
				165DB75823131FCA00537E5B /* Sources */,
				165DB75923131FCA00537E5B /* Frameworks */,
				165DB75A23131FCA00537E5B /* Resources */,
				165DB7AB23131FD500537E5B /* Embed Watch Content */,
			);
			buildRules = (
			);
			dependencies = (
				165DB78723131FD400537E5B /* PBXTargetDependency */,
			);
			name = ptimer;
			productName = ptimer;
			productReference = 165DB75C23131FCA00537E5B /* ptimer.app */;
			productType = "com.apple.product-type.application";
		};
		165DB76F23131FD400537E5B /* ptimerTests */ = {
			isa = PBXNativeTarget;
			buildConfigurationList = 165DB7AF23131FD500537E5B /* Build configuration list for PBXNativeTarget "ptimerTests" */;
			buildPhases = (
				165DB76C23131FD400537E5B /* Sources */,
				165DB76D23131FD400537E5B /* Frameworks */,
				165DB76E23131FD400537E5B /* Resources */,
			);
			buildRules = (
			);
			dependencies = (
				165DB77223131FD400537E5B /* PBXTargetDependency */,
			);
			name = ptimerTests;
			productName = ptimerTests;
			productReference = 165DB77023131FD400537E5B /* ptimerTests.xctest */;
			productType = "com.apple.product-type.bundle.unit-test";
		};
		165DB77A23131FD400537E5B /* ptimerUITests */ = {
			isa = PBXNativeTarget;
			buildConfigurationList = 165DB7B223131FD500537E5B /* Build configuration list for PBXNativeTarget "ptimerUITests" */;
			buildPhases = (
				165DB77723131FD400537E5B /* Sources */,
				165DB77823131FD400537E5B /* Frameworks */,
				165DB77923131FD400537E5B /* Resources */,
			);
			buildRules = (
			);
			dependencies = (
				165DB77D23131FD400537E5B /* PBXTargetDependency */,
			);
			name = ptimerUITests;
			productName = ptimerUITests;
			productReference = 165DB77B23131FD400537E5B /* ptimerUITests.xctest */;
			productType = "com.apple.product-type.bundle.ui-testing";
		};
		165DB78323131FD400537E5B /* ptimer WatchKit App */ = {
			isa = PBXNativeTarget;
			buildConfigurationList = 165DB7A823131FD500537E5B /* Build configuration list for PBXNativeTarget "ptimer WatchKit App" */;
			buildPhases = (
				165DB78223131FD400537E5B /* Resources */,
				165DB7A723131FD500537E5B /* Embed App Extensions */,
			);
			buildRules = (
			);
			dependencies = (
				165DB79623131FD400537E5B /* PBXTargetDependency */,
			);
			name = "ptimer WatchKit App";
			productName = "ptimer WatchKit App";
			productReference = 165DB78423131FD400537E5B /* ptimer WatchKit App.app */;
			productType = "com.apple.product-type.application.watchapp2";
		};
		165DB79223131FD400537E5B /* ptimer WatchKit Extension */ = {
			isa = PBXNativeTarget;
			buildConfigurationList = 165DB7A423131FD500537E5B /* Build configuration list for PBXNativeTarget "ptimer WatchKit Extension" */;
			buildPhases = (
				165DB78F23131FD400537E5B /* Sources */,
				165DB79023131FD400537E5B /* Frameworks */,
				165DB79123131FD400537E5B /* Resources */,
			);
			buildRules = (
			);
			dependencies = (
			);
			name = "ptimer WatchKit Extension";
			productName = "ptimer WatchKit Extension";
			productReference = 165DB79323131FD400537E5B /* ptimer WatchKit Extension.appex */;
			productType = "com.apple.product-type.watchkit2-extension";
		};
/* End PBXNativeTarget section */

/* Begin PBXProject section */
		165DB75423131FCA00537E5B /* Project object */ = {
			isa = PBXProject;
			attributes = {
				LastSwiftUpdateCheck = 1030;
				LastUpgradeCheck = 1030;
				ORGANIZATIONNAME = kb7td;
				TargetAttributes = {
					165DB75B23131FCA00537E5B = {
						CreatedOnToolsVersion = 10.3;
					};
					165DB76F23131FD400537E5B = {
						CreatedOnToolsVersion = 10.3;
						TestTargetID = 165DB75B23131FCA00537E5B;
					};
					165DB77A23131FD400537E5B = {
						CreatedOnToolsVersion = 10.3;
						TestTargetID = 165DB75B23131FCA00537E5B;
					};
					165DB78323131FD400537E5B = {
						CreatedOnToolsVersion = 10.3;
					};
					165DB79223131FD400537E5B = {
						CreatedOnToolsVersion = 10.3;
					};
				};
			};
			buildConfigurationList = 165DB75723131FCA00537E5B /* Build configuration list for PBXProject "ptimer" */;
			compatibilityVersion = "Xcode 9.3";
			developmentRegion = en;
			hasScannedForEncodings = 0;
			knownRegions = (
				en,
				Base,
			);
			mainGroup = 165DB75323131FCA00537E5B;
			productRefGroup = 165DB75D23131FCA00537E5B /* Products */;
			projectDirPath = "";
			projectRoot = "";
			targets = (
				165DB75B23131FCA00537E5B /* ptimer */,
				165DB76F23131FD400537E5B /* ptimerTests */,
				165DB77A23131FD400537E5B /* ptimerUITests */,
				165DB78323131FD400537E5B /* ptimer WatchKit App */,
				165DB79223131FD400537E5B /* ptimer WatchKit Extension */,
			);
		};
/* End PBXProject section */

/* Begin PBXResourcesBuildPhase section */
		165DB75A23131FCA00537E5B /* Resources */ = {
			isa = PBXResourcesBuildPhase;
			buildActionMask = 2147483647;
			files = (
				165DB76A23131FD300537E5B /* LaunchScreen.storyboard in Resources */,
				165DB76723131FD300537E5B /* Assets.xcassets in Resources */,
				165DB76523131FCA00537E5B /* Main.storyboard in Resources */,
			);
			runOnlyForDeploymentPostprocessing = 0;
		};
		165DB76E23131FD400537E5B /* Resources */ = {
			isa = PBXResourcesBuildPhase;
			buildActionMask = 2147483647;
			files = (
			);
			runOnlyForDeploymentPostprocessing = 0;
		};
		165DB77923131FD400537E5B /* Resources */ = {
			isa = PBXResourcesBuildPhase;
			buildActionMask = 2147483647;
			files = (
			);
			runOnlyForDeploymentPostprocessing = 0;
		};
		165DB78223131FD400537E5B /* Resources */ = {
			isa = PBXResourcesBuildPhase;
			buildActionMask = 2147483647;
			files = (
				165DB78D23131FD400537E5B /* Assets.xcassets in Resources */,
				165DB78B23131FD400537E5B /* Interface.storyboard in Resources */,
			);
			runOnlyForDeploymentPostprocessing = 0;
		};
		165DB79123131FD400537E5B /* Resources */ = {
			isa = PBXResourcesBuildPhase;
			buildActionMask = 2147483647;
			files = (
				165DB79F23131FD500537E5B /* Assets.xcassets in Resources */,
			);
			runOnlyForDeploymentPostprocessing = 0;
		};
/* End PBXResourcesBuildPhase section */

/* Begin PBXSourcesBuildPhase section */
		165DB75823131FCA00537E5B /* Sources */ = {
			isa = PBXSourcesBuildPhase;
			buildActionMask = 2147483647;
			files = (
				165DB76223131FCA00537E5B /* ViewController.swift in Sources */,
				165DB76023131FCA00537E5B /* AppDelegate.swift in Sources */,
			);
			runOnlyForDeploymentPostprocessing = 0;
		};
		165DB76C23131FD400537E5B /* Sources */ = {
			isa = PBXSourcesBuildPhase;
			buildActionMask = 2147483647;
			files = (
				165DB77523131FD400537E5B /* ptimerTests.swift in Sources */,
			);
			runOnlyForDeploymentPostprocessing = 0;
		};
		165DB77723131FD400537E5B /* Sources */ = {
			isa = PBXSourcesBuildPhase;
			buildActionMask = 2147483647;
			files = (
				165DB78023131FD400537E5B /* ptimerUITests.swift in Sources */,
			);
			runOnlyForDeploymentPostprocessing = 0;
		};
		165DB78F23131FD400537E5B /* Sources */ = {
			isa = PBXSourcesBuildPhase;
			buildActionMask = 2147483647;
			files = (
				165DB79D23131FD400537E5B /* NotificationController.swift in Sources */,
				165DB79B23131FD400537E5B /* ExtensionDelegate.swift in Sources */,
				165DB79923131FD400537E5B /* InterfaceController.swift in Sources */,
			);
			runOnlyForDeploymentPostprocessing = 0;
		};
/* End PBXSourcesBuildPhase section */

/* Begin PBXTargetDependency section */
		165DB77223131FD400537E5B /* PBXTargetDependency */ = {
			isa = PBXTargetDependency;
			target = 165DB75B23131FCA00537E5B /* ptimer */;
			targetProxy = 165DB77123131FD400537E5B /* PBXContainerItemProxy */;
		};
		165DB77D23131FD400537E5B /* PBXTargetDependency */ = {
			isa = PBXTargetDependency;
			target = 165DB75B23131FCA00537E5B /* ptimer */;
			targetProxy = 165DB77C23131FD400537E5B /* PBXContainerItemProxy */;
		};
		165DB78723131FD400537E5B /* PBXTargetDependency */ = {
			isa = PBXTargetDependency;
			target = 165DB78323131FD400537E5B /* ptimer WatchKit App */;
			targetProxy = 165DB78623131FD400537E5B /* PBXContainerItemProxy */;
		};
		165DB79623131FD400537E5B /* PBXTargetDependency */ = {
			isa = PBXTargetDependency;
			target = 165DB79223131FD400537E5B /* ptimer WatchKit Extension */;
			targetProxy = 165DB79523131FD400537E5B /* PBXContainerItemProxy */;
		};
/* End PBXTargetDependency section */

/* Begin PBXVariantGroup section */
		165DB76323131FCA00537E5B /* Main.storyboard */ = {
			isa = PBXVariantGroup;
			children = (
				165DB76423131FCA00537E5B /* Base */,
			);
			name = Main.storyboard;
			sourceTree = "<group>";
		};
		165DB76823131FD300537E5B /* LaunchScreen.storyboard */ = {
			isa = PBXVariantGroup;
			children = (
				165DB76923131FD300537E5B /* Base */,
			);
			name = LaunchScreen.storyboard;
			sourceTree = "<group>";
		};
		165DB78923131FD400537E5B /* Interface.storyboard */ = {
			isa = PBXVariantGroup;
			children = (
				165DB78A23131FD400537E5B /* Base */,
			);
			name = Interface.storyboard;
			sourceTree = "<group>";
		};
/* End PBXVariantGroup section */

/* Begin XCBuildConfiguration section */
		165DB7A223131FD500537E5B /* Debug */ = {
			isa = XCBuildConfiguration;
			buildSettings = {
				ALWAYS_SEARCH_USER_PATHS = NO;
				CLANG_ANALYZER_NONNULL = YES;
				CLANG_ANALYZER_NUMBER_OBJECT_CONVERSION = YES_AGGRESSIVE;
				CLANG_CXX_LANGUAGE_STANDARD = "gnu++14";
				CLANG_CXX_LIBRARY = "libc++";
				CLANG_ENABLE_MODULES = YES;
				CLANG_ENABLE_OBJC_ARC = YES;
				CLANG_ENABLE_OBJC_WEAK = YES;
				CLANG_WARN_BLOCK_CAPTURE_AUTORELEASING = YES;
				CLANG_WARN_BOOL_CONVERSION = YES;
				CLANG_WARN_COMMA = YES;
				CLANG_WARN_CONSTANT_CONVERSION = YES;
				CLANG_WARN_DEPRECATED_OBJC_IMPLEMENTATIONS = YES;
				CLANG_WARN_DIRECT_OBJC_ISA_USAGE = YES_ERROR;
				CLANG_WARN_DOCUMENTATION_COMMENTS = YES;
				CLANG_WARN_EMPTY_BODY = YES;
				CLANG_WARN_ENUM_CONVERSION = YES;
				CLANG_WARN_INFINITE_RECURSION = YES;
				CLANG_WARN_INT_CONVERSION = YES;
				CLANG_WARN_NON_LITERAL_NULL_CONVERSION = YES;
				CLANG_WARN_OBJC_IMPLICIT_RETAIN_SELF = YES;
				CLANG_WARN_OBJC_LITERAL_CONVERSION = YES;
				CLANG_WARN_OBJC_ROOT_CLASS = YES_ERROR;
				CLANG_WARN_RANGE_LOOP_ANALYSIS = YES;
				CLANG_WARN_STRICT_PROTOTYPES = YES;
				CLANG_WARN_SUSPICIOUS_MOVE = YES;
				CLANG_WARN_UNGUARDED_AVAILABILITY = YES_AGGRESSIVE;
				CLANG_WARN_UNREACHABLE_CODE = YES;
				CLANG_WARN__DUPLICATE_METHOD_MATCH = YES;
				CODE_SIGN_IDENTITY = "iPhone Developer";
				COPY_PHASE_STRIP = NO;
				DEBUG_INFORMATION_FORMAT = dwarf;
				ENABLE_STRICT_OBJC_MSGSEND = YES;
				ENABLE_TESTABILITY = YES;
				GCC_C_LANGUAGE_STANDARD = gnu11;
				GCC_DYNAMIC_NO_PIC = NO;
				GCC_NO_COMMON_BLOCKS = YES;
				GCC_OPTIMIZATION_LEVEL = 0;
				GCC_PREPROCESSOR_DEFINITIONS = (
					"DEBUG=1",
					"$(inherited)",
				);
				GCC_WARN_64_TO_32_BIT_CONVERSION = YES;
				GCC_WARN_ABOUT_RETURN_TYPE = YES_ERROR;
				GCC_WARN_UNDECLARED_SELECTOR = YES;
				GCC_WARN_UNINITIALIZED_AUTOS = YES_AGGRESSIVE;
				GCC_WARN_UNUSED_FUNCTION = YES;
				GCC_WARN_UNUSED_VARIABLE = YES;
				IPHONEOS_DEPLOYMENT_TARGET = 12.4;
				MTL_ENABLE_DEBUG_INFO = INCLUDE_SOURCE;
				MTL_FAST_MATH = YES;
				ONLY_ACTIVE_ARCH = YES;
				SDKROOT = iphoneos;
				SWIFT_ACTIVE_COMPILATION_CONDITIONS = DEBUG;
				SWIFT_OPTIMIZATION_LEVEL = "-Onone";
			};
			name = Debug;
		};
		165DB7A323131FD500537E5B /* Release */ = {
			isa = XCBuildConfiguration;
			buildSettings = {
				ALWAYS_SEARCH_USER_PATHS = NO;
				CLANG_ANALYZER_NONNULL = YES;
				CLANG_ANALYZER_NUMBER_OBJECT_CONVERSION = YES_AGGRESSIVE;
				CLANG_CXX_LANGUAGE_STANDARD = "gnu++14";
				CLANG_CXX_LIBRARY = "libc++";
				CLANG_ENABLE_MODULES = YES;
				CLANG_ENABLE_OBJC_ARC = YES;
				CLANG_ENABLE_OBJC_WEAK = YES;
				CLANG_WARN_BLOCK_CAPTURE_AUTORELEASING = YES;
				CLANG_WARN_BOOL_CONVERSION = YES;
				CLANG_WARN_COMMA = YES;
				CLANG_WARN_CONSTANT_CONVERSION = YES;
				CLANG_WARN_DEPRECATED_OBJC_IMPLEMENTATIONS = YES;
				CLANG_WARN_DIRECT_OBJC_ISA_USAGE = YES_ERROR;
				CLANG_WARN_DOCUMENTATION_COMMENTS = YES;
				CLANG_WARN_EMPTY_BODY = YES;
				CLANG_WARN_ENUM_CONVERSION = YES;
				CLANG_WARN_INFINITE_RECURSION = YES;
				CLANG_WARN_INT_CONVERSION = YES;
				CLANG_WARN_NON_LITERAL_NULL_CONVERSION = YES;
				CLANG_WARN_OBJC_IMPLICIT_RETAIN_SELF = YES;
				CLANG_WARN_OBJC_LITERAL_CONVERSION = YES;
				CLANG_WARN_OBJC_ROOT_CLASS = YES_ERROR;
				CLANG_WARN_RANGE_LOOP_ANALYSIS = YES;
				CLANG_WARN_STRICT_PROTOTYPES = YES;
				CLANG_WARN_SUSPICIOUS_MOVE = YES;
				CLANG_WARN_UNGUARDED_AVAILABILITY = YES_AGGRESSIVE;
				CLANG_WARN_UNREACHABLE_CODE = YES;
				CLANG_WARN__DUPLICATE_METHOD_MATCH = YES;
				CODE_SIGN_IDENTITY = "iPhone Developer";
				COPY_PHASE_STRIP = NO;
				DEBUG_INFORMATION_FORMAT = "dwarf-with-dsym";
				ENABLE_NS_ASSERTIONS = NO;
				ENABLE_STRICT_OBJC_MSGSEND = YES;
				GCC_C_LANGUAGE_STANDARD = gnu11;
				GCC_NO_COMMON_BLOCKS = YES;
				GCC_WARN_64_TO_32_BIT_CONVERSION = YES;
				GCC_WARN_ABOUT_RETURN_TYPE = YES_ERROR;
				GCC_WARN_UNDECLARED_SELECTOR = YES;
				GCC_WARN_UNINITIALIZED_AUTOS = YES_AGGRESSIVE;
				GCC_WARN_UNUSED_FUNCTION = YES;
				GCC_WARN_UNUSED_VARIABLE = YES;
				IPHONEOS_DEPLOYMENT_TARGET = 12.4;
				MTL_ENABLE_DEBUG_INFO = NO;
				MTL_FAST_MATH = YES;
				SDKROOT = iphoneos;
				SWIFT_COMPILATION_MODE = wholemodule;
				SWIFT_OPTIMIZATION_LEVEL = "-O";
				VALIDATE_PRODUCT = YES;
			};
			name = Release;
		};
		165DB7A523131FD500537E5B /* Debug */ = {
			isa = XCBuildConfiguration;
			buildSettings = {
				ASSETCATALOG_COMPILER_COMPLICATION_NAME = Complication;
				CODE_SIGN_STYLE = Automatic;
				DEVELOPMENT_TEAM = M2LWJAM9ML;
				INFOPLIST_FILE = "ptimer WatchKit Extension/Info.plist";
				LD_RUNPATH_SEARCH_PATHS = (
					"$(inherited)",
					"@executable_path/Frameworks",
					"@executable_path/../../Frameworks",
				);
				PRODUCT_BUNDLE_IDENTIFIER = com.kb7td.ptimer.watchkitapp.watchkitextension;
				PRODUCT_NAME = "${TARGET_NAME}";
				SDKROOT = watchos;
				SKIP_INSTALL = YES;
				SWIFT_VERSION = 5.0;
				TARGETED_DEVICE_FAMILY = 4;
				WATCHOS_DEPLOYMENT_TARGET = 5.3;
			};
			name = Debug;
		};
		165DB7A623131FD500537E5B /* Release */ = {
			isa = XCBuildConfiguration;
			buildSettings = {
				ASSETCATALOG_COMPILER_COMPLICATION_NAME = Complication;
				CODE_SIGN_STYLE = Automatic;
				DEVELOPMENT_TEAM = M2LWJAM9ML;
				INFOPLIST_FILE = "ptimer WatchKit Extension/Info.plist";
				LD_RUNPATH_SEARCH_PATHS = (
					"$(inherited)",
					"@executable_path/Frameworks",
					"@executable_path/../../Frameworks",
				);
				PRODUCT_BUNDLE_IDENTIFIER = com.kb7td.ptimer.watchkitapp.watchkitextension;
				PRODUCT_NAME = "${TARGET_NAME}";
				SDKROOT = watchos;
				SKIP_INSTALL = YES;
				SWIFT_VERSION = 5.0;
				TARGETED_DEVICE_FAMILY = 4;
				WATCHOS_DEPLOYMENT_TARGET = 5.3;
			};
			name = Release;
		};
		165DB7A923131FD500537E5B /* Debug */ = {
			isa = XCBuildConfiguration;
			buildSettings = {
				ALWAYS_EMBED_SWIFT_STANDARD_LIBRARIES = YES;
				ASSETCATALOG_COMPILER_APPICON_NAME = AppIcon;
				CODE_SIGN_STYLE = Automatic;
				DEVELOPMENT_TEAM = M2LWJAM9ML;
				IBSC_MODULE = ptimer_WatchKit_Extension;
				INFOPLIST_FILE = "ptimer WatchKit App/Info.plist";
				PRODUCT_BUNDLE_IDENTIFIER = com.kb7td.ptimer.watchkitapp;
				PRODUCT_NAME = "$(TARGET_NAME)";
				SDKROOT = watchos;
				SKIP_INSTALL = YES;
				SWIFT_VERSION = 5.0;
				TARGETED_DEVICE_FAMILY = 4;
				WATCHOS_DEPLOYMENT_TARGET = 5.3;
			};
			name = Debug;
		};
		165DB7AA23131FD500537E5B /* Release */ = {
			isa = XCBuildConfiguration;
			buildSettings = {
				ALWAYS_EMBED_SWIFT_STANDARD_LIBRARIES = YES;
				ASSETCATALOG_COMPILER_APPICON_NAME = AppIcon;
				CODE_SIGN_STYLE = Automatic;
				DEVELOPMENT_TEAM = M2LWJAM9ML;
				IBSC_MODULE = ptimer_WatchKit_Extension;
				INFOPLIST_FILE = "ptimer WatchKit App/Info.plist";
				PRODUCT_BUNDLE_IDENTIFIER = com.kb7td.ptimer.watchkitapp;
				PRODUCT_NAME = "$(TARGET_NAME)";
				SDKROOT = watchos;
				SKIP_INSTALL = YES;
				SWIFT_VERSION = 5.0;
				TARGETED_DEVICE_FAMILY = 4;
				WATCHOS_DEPLOYMENT_TARGET = 5.3;
			};
			name = Release;
		};
		165DB7AD23131FD500537E5B /* Debug */ = {
			isa = XCBuildConfiguration;
			buildSettings = {
				ASSETCATALOG_COMPILER_APPICON_NAME = AppIcon;
				CODE_SIGN_STYLE = Automatic;
				DEVELOPMENT_TEAM = M2LWJAM9ML;
				INFOPLIST_FILE = ptimer/Info.plist;
				LD_RUNPATH_SEARCH_PATHS = (
					"$(inherited)",
					"@executable_path/Frameworks",
				);
				PRODUCT_BUNDLE_IDENTIFIER = com.kb7td.ptimer;
				PRODUCT_NAME = "$(TARGET_NAME)";
				SWIFT_VERSION = 5.0;
				TARGETED_DEVICE_FAMILY = "1,2";
			};
			name = Debug;
		};
		165DB7AE23131FD500537E5B /* Release */ = {
			isa = XCBuildConfiguration;
			buildSettings = {
				ASSETCATALOG_COMPILER_APPICON_NAME = AppIcon;
				CODE_SIGN_STYLE = Automatic;
				DEVELOPMENT_TEAM = M2LWJAM9ML;
				INFOPLIST_FILE = ptimer/Info.plist;
				LD_RUNPATH_SEARCH_PATHS = (
					"$(inherited)",
					"@executable_path/Frameworks",
				);
				PRODUCT_BUNDLE_IDENTIFIER = com.kb7td.ptimer;
				PRODUCT_NAME = "$(TARGET_NAME)";
				SWIFT_VERSION = 5.0;
				TARGETED_DEVICE_FAMILY = "1,2";
			};
			name = Release;
		};
		165DB7B023131FD500537E5B /* Debug */ = {
			isa = XCBuildConfiguration;
			buildSettings = {
				ALWAYS_EMBED_SWIFT_STANDARD_LIBRARIES = YES;
				BUNDLE_LOADER = "$(TEST_HOST)";
				CODE_SIGN_STYLE = Automatic;
				DEVELOPMENT_TEAM = M2LWJAM9ML;
				INFOPLIST_FILE = ptimerTests/Info.plist;
				LD_RUNPATH_SEARCH_PATHS = (
					"$(inherited)",
					"@executable_path/Frameworks",
					"@loader_path/Frameworks",
				);
				PRODUCT_BUNDLE_IDENTIFIER = com.kb7td.ptimerTests;
				PRODUCT_NAME = "$(TARGET_NAME)";
				SWIFT_VERSION = 5.0;
				TARGETED_DEVICE_FAMILY = "1,2";
				TEST_HOST = "$(BUILT_PRODUCTS_DIR)/ptimer.app/ptimer";
			};
			name = Debug;
		};
		165DB7B123131FD500537E5B /* Release */ = {
			isa = XCBuildConfiguration;
			buildSettings = {
				ALWAYS_EMBED_SWIFT_STANDARD_LIBRARIES = YES;
				BUNDLE_LOADER = "$(TEST_HOST)";
				CODE_SIGN_STYLE = Automatic;
				DEVELOPMENT_TEAM = M2LWJAM9ML;
				INFOPLIST_FILE = ptimerTests/Info.plist;
				LD_RUNPATH_SEARCH_PATHS = (
					"$(inherited)",
					"@executable_path/Frameworks",
					"@loader_path/Frameworks",
				);
				PRODUCT_BUNDLE_IDENTIFIER = com.kb7td.ptimerTests;
				PRODUCT_NAME = "$(TARGET_NAME)";
				SWIFT_VERSION = 5.0;
				TARGETED_DEVICE_FAMILY = "1,2";
				TEST_HOST = "$(BUILT_PRODUCTS_DIR)/ptimer.app/ptimer";
			};
			name = Release;
		};
		165DB7B323131FD500537E5B /* Debug */ = {
			isa = XCBuildConfiguration;
			buildSettings = {
				ALWAYS_EMBED_SWIFT_STANDARD_LIBRARIES = YES;
				CODE_SIGN_STYLE = Automatic;
				DEVELOPMENT_TEAM = M2LWJAM9ML;
				INFOPLIST_FILE = ptimerUITests/Info.plist;
				LD_RUNPATH_SEARCH_PATHS = (
					"$(inherited)",
					"@executable_path/Frameworks",
					"@loader_path/Frameworks",
				);
				PRODUCT_BUNDLE_IDENTIFIER = com.kb7td.ptimerUITests;
				PRODUCT_NAME = "$(TARGET_NAME)";
				SWIFT_VERSION = 5.0;
				TARGETED_DEVICE_FAMILY = "1,2";
				TEST_TARGET_NAME = ptimer;
			};
			name = Debug;
		};
		165DB7B423131FD500537E5B /* Release */ = {
			isa = XCBuildConfiguration;
			buildSettings = {
				ALWAYS_EMBED_SWIFT_STANDARD_LIBRARIES = YES;
				CODE_SIGN_STYLE = Automatic;
				DEVELOPMENT_TEAM = M2LWJAM9ML;
				INFOPLIST_FILE = ptimerUITests/Info.plist;
				LD_RUNPATH_SEARCH_PATHS = (
					"$(inherited)",
					"@executable_path/Frameworks",
					"@loader_path/Frameworks",
				);
				PRODUCT_BUNDLE_IDENTIFIER = com.kb7td.ptimerUITests;
				PRODUCT_NAME = "$(TARGET_NAME)";
				SWIFT_VERSION = 5.0;
				TARGETED_DEVICE_FAMILY = "1,2";
				TEST_TARGET_NAME = ptimer;
			};
			name = Release;
		};
/* End XCBuildConfiguration section */

/* Begin XCConfigurationList section */
		165DB75723131FCA00537E5B /* Build configuration list for PBXProject "ptimer" */ = {
			isa = XCConfigurationList;
			buildConfigurations = (
				165DB7A223131FD500537E5B /* Debug */,
				165DB7A323131FD500537E5B /* Release */,
			);
			defaultConfigurationIsVisible = 0;
			defaultConfigurationName = Release;
		};
		165DB7A423131FD500537E5B /* Build configuration list for PBXNativeTarget "ptimer WatchKit Extension" */ = {
			isa = XCConfigurationList;
			buildConfigurations = (
				165DB7A523131FD500537E5B /* Debug */,
				165DB7A623131FD500537E5B /* Release */,
			);
			defaultConfigurationIsVisible = 0;
			defaultConfigurationName = Release;
		};
		165DB7A823131FD500537E5B /* Build configuration list for PBXNativeTarget "ptimer WatchKit App" */ = {
			isa = XCConfigurationList;
			buildConfigurations = (
				165DB7A923131FD500537E5B /* Debug */,
				165DB7AA23131FD500537E5B /* Release */,
			);
			defaultConfigurationIsVisible = 0;
			defaultConfigurationName = Release;
		};
		165DB7AC23131FD500537E5B /* Build configuration list for PBXNativeTarget "ptimer" */ = {
			isa = XCConfigurationList;
			buildConfigurations = (
				165DB7AD23131FD500537E5B /* Debug */,
				165DB7AE23131FD500537E5B /* Release */,
			);
			defaultConfigurationIsVisible = 0;
			defaultConfigurationName = Release;
		};
		165DB7AF23131FD500537E5B /* Build configuration list for PBXNativeTarget "ptimerTests" */ = {
			isa = XCConfigurationList;
			buildConfigurations = (
				165DB7B023131FD500537E5B /* Debug */,
				165DB7B123131FD500537E5B /* Release */,
			);
			defaultConfigurationIsVisible = 0;
			defaultConfigurationName = Release;
		};
		165DB7B223131FD500537E5B /* Build configuration list for PBXNativeTarget "ptimerUITests" */ = {
			isa = XCConfigurationList;
			buildConfigurations = (
				165DB7B323131FD500537E5B /* Debug */,
				165DB7B423131FD500537E5B /* Release */,
			);
			defaultConfigurationIsVisible = 0;
			defaultConfigurationName = Release;
		};
/* End XCConfigurationList section */
	};
	rootObject = 165DB75423131FCA00537E5B /* Project object */;
}
